// !$*UTF8*$!
{
	archiveVersion = 1;
	classes = {
	};
	objectVersion = 56;
	objects = {

/* Begin PBXBuildFile section */
		16DAC46C3B21D89799025842 /* Pods_SneakerStoreApp.framework in Frameworks */ = {isa = PBXBuildFile; fileRef = 05F63316151E9C58BCD76B6C /* Pods_SneakerStoreApp.framework */; };
		4B57E6D72A601B060086D207 /* BottomSheetTransitionDelegate.swift in Sources */ = {isa = PBXBuildFile; fileRef = 4B57E6D62A601B060086D207 /* BottomSheetTransitionDelegate.swift */; };
		4B57E6D92A601B400086D207 /* BottomSheetTransition.swift in Sources */ = {isa = PBXBuildFile; fileRef = 4B57E6D82A601B400086D207 /* BottomSheetTransition.swift */; };
		4B57E6DB2A601C740086D207 /* BottomSheetConfiguration.swift in Sources */ = {isa = PBXBuildFile; fileRef = 4B57E6DA2A601C740086D207 /* BottomSheetConfiguration.swift */; };
		4B57E6DD2A601CA40086D207 /* BottomSheetPresentationController.swift in Sources */ = {isa = PBXBuildFile; fileRef = 4B57E6DC2A601CA40086D207 /* BottomSheetPresentationController.swift */; };
		4B57E6E12A60802A0086D207 /* CustomButton.swift in Sources */ = {isa = PBXBuildFile; fileRef = 4B57E6E02A60802A0086D207 /* CustomButton.swift */; };
		4B57E6E32A609C1E0086D207 /* CartTableViewCell.swift in Sources */ = {isa = PBXBuildFile; fileRef = 4B57E6E22A609C1E0086D207 /* CartTableViewCell.swift */; };
		4B57E6E62A615E5F0086D207 /* WelcomeScreenView.swift in Sources */ = {isa = PBXBuildFile; fileRef = 4B57E6E52A615E5F0086D207 /* WelcomeScreenView.swift */; };
		4B57E6E82A6162510086D207 /* SignUpScreenView.swift in Sources */ = {isa = PBXBuildFile; fileRef = 4B57E6E72A6162510086D207 /* SignUpScreenView.swift */; };
		4B57E6EA2A61EB640086D207 /* SignInScreenView.swift in Sources */ = {isa = PBXBuildFile; fileRef = 4B57E6E92A61EB640086D207 /* SignInScreenView.swift */; };
		4B57E6EC2A62BCE70086D207 /* ForgotPassScreenView.swift in Sources */ = {isa = PBXBuildFile; fileRef = 4B57E6EB2A62BCE70086D207 /* ForgotPassScreenView.swift */; };
		4B6F7E6F2A4C90F5002B60D2 /* ProfileView.swift in Sources */ = {isa = PBXBuildFile; fileRef = 4B6F7E6E2A4C90F5002B60D2 /* ProfileView.swift */; };
		4B6F7E722A4CA217002B60D2 /* FirebaseAuth in Frameworks */ = {isa = PBXBuildFile; productRef = 4B6F7E712A4CA217002B60D2 /* FirebaseAuth */; };
		4B6F7E742A4CA217002B60D2 /* FirebaseDatabase in Frameworks */ = {isa = PBXBuildFile; productRef = 4B6F7E732A4CA217002B60D2 /* FirebaseDatabase */; };
		4B6F7E762A4CA217002B60D2 /* FirebaseDatabaseSwift in Frameworks */ = {isa = PBXBuildFile; productRef = 4B6F7E752A4CA217002B60D2 /* FirebaseDatabaseSwift */; };
		4B6F7E782A4CA217002B60D2 /* FirebaseFirestore in Frameworks */ = {isa = PBXBuildFile; productRef = 4B6F7E772A4CA217002B60D2 /* FirebaseFirestore */; };
		4B6F7E7A2A4CA217002B60D2 /* FirebaseFirestoreSwift in Frameworks */ = {isa = PBXBuildFile; productRef = 4B6F7E792A4CA217002B60D2 /* FirebaseFirestoreSwift */; };
		4B6F7E7C2A4CA217002B60D2 /* FirebaseStorage in Frameworks */ = {isa = PBXBuildFile; productRef = 4B6F7E7B2A4CA217002B60D2 /* FirebaseStorage */; };
		4B6F7E7E2A4CA22B002B60D2 /* GoogleService-Info.plist in Resources */ = {isa = PBXBuildFile; fileRef = 4B6F7E7D2A4CA22B002B60D2 /* GoogleService-Info.plist */; };
		4B6F7E822A4CA871002B60D2 /* CatalogModal.swift in Sources */ = {isa = PBXBuildFile; fileRef = 4B6F7E812A4CA871002B60D2 /* CatalogModal.swift */; };
		4B6F7E862A4CAC16002B60D2 /* Builder.swift in Sources */ = {isa = PBXBuildFile; fileRef = 4B6F7E852A4CAC16002B60D2 /* Builder.swift */; };
		4B6F7E8A2A509743002B60D2 /* CatalogViewModel.swift in Sources */ = {isa = PBXBuildFile; fileRef = 4B6F7E892A509743002B60D2 /* CatalogViewModel.swift */; };
		4B6F7E8C2A5097FA002B60D2 /* CatalogCollectionViewCell.swift in Sources */ = {isa = PBXBuildFile; fileRef = 4B6F7E8B2A5097FA002B60D2 /* CatalogCollectionViewCell.swift */; };
		4B99BBBD2A53FAD6009132EF /* BottomSheetCatalog.swift in Sources */ = {isa = PBXBuildFile; fileRef = 4B99BBBC2A53FAD6009132EF /* BottomSheetCatalog.swift */; };
		4BD14DC82A4C84E700A56B87 /* AppDelegate.swift in Sources */ = {isa = PBXBuildFile; fileRef = 4BD14DC72A4C84E700A56B87 /* AppDelegate.swift */; };
		4BD14DCA2A4C84E700A56B87 /* SceneDelegate.swift in Sources */ = {isa = PBXBuildFile; fileRef = 4BD14DC92A4C84E700A56B87 /* SceneDelegate.swift */; };
		4BD14DCC2A4C84E700A56B87 /* MainScreenTabBarController.swift in Sources */ = {isa = PBXBuildFile; fileRef = 4BD14DCB2A4C84E700A56B87 /* MainScreenTabBarController.swift */; };
		4BD14DCF2A4C84E700A56B87 /* Main.storyboard in Resources */ = {isa = PBXBuildFile; fileRef = 4BD14DCD2A4C84E700A56B87 /* Main.storyboard */; };
		4BD14DD12A4C84E800A56B87 /* Assets.xcassets in Resources */ = {isa = PBXBuildFile; fileRef = 4BD14DD02A4C84E800A56B87 /* Assets.xcassets */; };
		4BD14DD42A4C84E800A56B87 /* LaunchScreen.storyboard in Resources */ = {isa = PBXBuildFile; fileRef = 4BD14DD22A4C84E800A56B87 /* LaunchScreen.storyboard */; };
		4BD14DE42A4C8A7900A56B87 /* CatalogViewController.swift in Sources */ = {isa = PBXBuildFile; fileRef = 4BD14DE32A4C8A7900A56B87 /* CatalogViewController.swift */; };
		4BD14DE62A4C8ADC00A56B87 /* CartViewController.swift in Sources */ = {isa = PBXBuildFile; fileRef = 4BD14DE52A4C8ADC00A56B87 /* CartViewController.swift */; };
		4BD14DE82A4C8AE900A56B87 /* ProfileViewController.swift in Sources */ = {isa = PBXBuildFile; fileRef = 4BD14DE72A4C8AE900A56B87 /* ProfileViewController.swift */; };
/* End PBXBuildFile section */

/* Begin PBXFileReference section */
		05F63316151E9C58BCD76B6C /* Pods_SneakerStoreApp.framework */ = {isa = PBXFileReference; explicitFileType = wrapper.framework; includeInIndex = 0; path = Pods_SneakerStoreApp.framework; sourceTree = BUILT_PRODUCTS_DIR; };
		4B57E6D62A601B060086D207 /* BottomSheetTransitionDelegate.swift */ = {isa = PBXFileReference; lastKnownFileType = sourcecode.swift; path = BottomSheetTransitionDelegate.swift; sourceTree = "<group>"; };
		4B57E6D82A601B400086D207 /* BottomSheetTransition.swift */ = {isa = PBXFileReference; lastKnownFileType = sourcecode.swift; path = BottomSheetTransition.swift; sourceTree = "<group>"; };
		4B57E6DA2A601C740086D207 /* BottomSheetConfiguration.swift */ = {isa = PBXFileReference; lastKnownFileType = sourcecode.swift; path = BottomSheetConfiguration.swift; sourceTree = "<group>"; };
		4B57E6DC2A601CA40086D207 /* BottomSheetPresentationController.swift */ = {isa = PBXFileReference; lastKnownFileType = sourcecode.swift; path = BottomSheetPresentationController.swift; sourceTree = "<group>"; };
		4B57E6E02A60802A0086D207 /* CustomButton.swift */ = {isa = PBXFileReference; lastKnownFileType = sourcecode.swift; path = CustomButton.swift; sourceTree = "<group>"; };
		4B57E6E22A609C1E0086D207 /* CartTableViewCell.swift */ = {isa = PBXFileReference; lastKnownFileType = sourcecode.swift; path = CartTableViewCell.swift; sourceTree = "<group>"; };
		4B57E6E52A615E5F0086D207 /* WelcomeScreenView.swift */ = {isa = PBXFileReference; lastKnownFileType = sourcecode.swift; path = WelcomeScreenView.swift; sourceTree = "<group>"; };
		4B57E6E72A6162510086D207 /* SignUpScreenView.swift */ = {isa = PBXFileReference; lastKnownFileType = sourcecode.swift; path = SignUpScreenView.swift; sourceTree = "<group>"; };
		4B57E6E92A61EB640086D207 /* SignInScreenView.swift */ = {isa = PBXFileReference; lastKnownFileType = sourcecode.swift; path = SignInScreenView.swift; sourceTree = "<group>"; };
		4B57E6EB2A62BCE70086D207 /* ForgotPassScreenView.swift */ = {isa = PBXFileReference; lastKnownFileType = sourcecode.swift; path = ForgotPassScreenView.swift; sourceTree = "<group>"; };
		4B6F7E6E2A4C90F5002B60D2 /* ProfileView.swift */ = {isa = PBXFileReference; lastKnownFileType = sourcecode.swift; path = ProfileView.swift; sourceTree = "<group>"; };
		4B6F7E7D2A4CA22B002B60D2 /* GoogleService-Info.plist */ = {isa = PBXFileReference; fileEncoding = 4; lastKnownFileType = text.plist.xml; path = "GoogleService-Info.plist"; sourceTree = "<group>"; };
		4B6F7E812A4CA871002B60D2 /* CatalogModal.swift */ = {isa = PBXFileReference; lastKnownFileType = sourcecode.swift; path = CatalogModal.swift; sourceTree = "<group>"; };
		4B6F7E852A4CAC16002B60D2 /* Builder.swift */ = {isa = PBXFileReference; lastKnownFileType = sourcecode.swift; path = Builder.swift; sourceTree = "<group>"; };
		4B6F7E892A509743002B60D2 /* CatalogViewModel.swift */ = {isa = PBXFileReference; lastKnownFileType = sourcecode.swift; path = CatalogViewModel.swift; sourceTree = "<group>"; };
		4B6F7E8B2A5097FA002B60D2 /* CatalogCollectionViewCell.swift */ = {isa = PBXFileReference; lastKnownFileType = sourcecode.swift; path = CatalogCollectionViewCell.swift; sourceTree = "<group>"; };
		4B99BBBC2A53FAD6009132EF /* BottomSheetCatalog.swift */ = {isa = PBXFileReference; lastKnownFileType = sourcecode.swift; path = BottomSheetCatalog.swift; sourceTree = "<group>"; };
		4BD14DC42A4C84E700A56B87 /* SneakerStoreApp.app */ = {isa = PBXFileReference; explicitFileType = wrapper.application; includeInIndex = 0; path = SneakerStoreApp.app; sourceTree = BUILT_PRODUCTS_DIR; };
		4BD14DC72A4C84E700A56B87 /* AppDelegate.swift */ = {isa = PBXFileReference; lastKnownFileType = sourcecode.swift; path = AppDelegate.swift; sourceTree = "<group>"; };
		4BD14DC92A4C84E700A56B87 /* SceneDelegate.swift */ = {isa = PBXFileReference; lastKnownFileType = sourcecode.swift; path = SceneDelegate.swift; sourceTree = "<group>"; };
		4BD14DCB2A4C84E700A56B87 /* MainScreenTabBarController.swift */ = {isa = PBXFileReference; lastKnownFileType = sourcecode.swift; path = MainScreenTabBarController.swift; sourceTree = "<group>"; };
		4BD14DCE2A4C84E700A56B87 /* Base */ = {isa = PBXFileReference; lastKnownFileType = file.storyboard; name = Base; path = Base.lproj/Main.storyboard; sourceTree = "<group>"; };
		4BD14DD02A4C84E800A56B87 /* Assets.xcassets */ = {isa = PBXFileReference; lastKnownFileType = folder.assetcatalog; path = Assets.xcassets; sourceTree = "<group>"; };
		4BD14DD32A4C84E800A56B87 /* Base */ = {isa = PBXFileReference; lastKnownFileType = file.storyboard; name = Base; path = Base.lproj/LaunchScreen.storyboard; sourceTree = "<group>"; };
		4BD14DD52A4C84E800A56B87 /* Info.plist */ = {isa = PBXFileReference; lastKnownFileType = text.plist.xml; path = Info.plist; sourceTree = "<group>"; };
		4BD14DE32A4C8A7900A56B87 /* CatalogViewController.swift */ = {isa = PBXFileReference; lastKnownFileType = sourcecode.swift; path = CatalogViewController.swift; sourceTree = "<group>"; };
		4BD14DE52A4C8ADC00A56B87 /* CartViewController.swift */ = {isa = PBXFileReference; lastKnownFileType = sourcecode.swift; path = CartViewController.swift; sourceTree = "<group>"; };
		4BD14DE72A4C8AE900A56B87 /* ProfileViewController.swift */ = {isa = PBXFileReference; lastKnownFileType = sourcecode.swift; path = ProfileViewController.swift; sourceTree = "<group>"; };
		B0DEDB874D0E97E49EF8373C /* Pods-SneakerStoreApp.debug.xcconfig */ = {isa = PBXFileReference; includeInIndex = 1; lastKnownFileType = text.xcconfig; name = "Pods-SneakerStoreApp.debug.xcconfig"; path = "Target Support Files/Pods-SneakerStoreApp/Pods-SneakerStoreApp.debug.xcconfig"; sourceTree = "<group>"; };
		D430ED3CFF093694A69B1799 /* Pods-SneakerStoreApp.release.xcconfig */ = {isa = PBXFileReference; includeInIndex = 1; lastKnownFileType = text.xcconfig; name = "Pods-SneakerStoreApp.release.xcconfig"; path = "Target Support Files/Pods-SneakerStoreApp/Pods-SneakerStoreApp.release.xcconfig"; sourceTree = "<group>"; };
/* End PBXFileReference section */

/* Begin PBXFrameworksBuildPhase section */
		4BD14DC12A4C84E700A56B87 /* Frameworks */ = {
			isa = PBXFrameworksBuildPhase;
			buildActionMask = 2147483647;
			files = (
				4B6F7E762A4CA217002B60D2 /* FirebaseDatabaseSwift in Frameworks */,
				4B6F7E742A4CA217002B60D2 /* FirebaseDatabase in Frameworks */,
				16DAC46C3B21D89799025842 /* Pods_SneakerStoreApp.framework in Frameworks */,
				4B6F7E782A4CA217002B60D2 /* FirebaseFirestore in Frameworks */,
				4B6F7E7C2A4CA217002B60D2 /* FirebaseStorage in Frameworks */,
				4B6F7E722A4CA217002B60D2 /* FirebaseAuth in Frameworks */,
				4B6F7E7A2A4CA217002B60D2 /* FirebaseFirestoreSwift in Frameworks */,
			);
			runOnlyForDeploymentPostprocessing = 0;
		};
/* End PBXFrameworksBuildPhase section */

/* Begin PBXGroup section */
		1C812C2BDDBAD471AC080398 /* Frameworks */ = {
			isa = PBXGroup;
			children = (
				05F63316151E9C58BCD76B6C /* Pods_SneakerStoreApp.framework */,
			);
			name = Frameworks;
			sourceTree = "<group>";
		};
		4B57E6E42A615DF90086D207 /* WelcomeScreen */ = {
			isa = PBXGroup;
			children = (
				4B57E6E52A615E5F0086D207 /* WelcomeScreenView.swift */,
				4B57E6E72A6162510086D207 /* SignUpScreenView.swift */,
				4B57E6E92A61EB640086D207 /* SignInScreenView.swift */,
				4B57E6EB2A62BCE70086D207 /* ForgotPassScreenView.swift */,
			);
			path = WelcomeScreen;
			sourceTree = "<group>";
		};
		4B99BBBE2A53FBC1009132EF /* BottomSheet */ = {
			isa = PBXGroup;
			children = (
				4B57E6D62A601B060086D207 /* BottomSheetTransitionDelegate.swift */,
				4B57E6D82A601B400086D207 /* BottomSheetTransition.swift */,
				4B57E6DA2A601C740086D207 /* BottomSheetConfiguration.swift */,
				4B57E6DC2A601CA40086D207 /* BottomSheetPresentationController.swift */,
			);
			path = BottomSheet;
			sourceTree = "<group>";
		};
		4BD14DBB2A4C84E700A56B87 = {
			isa = PBXGroup;
			children = (
				4BD14DC62A4C84E700A56B87 /* SneakerStoreApp */,
				4BD14DCB2A4C84E700A56B87 /* MainScreenTabBarController.swift */,
				4BD14DC52A4C84E700A56B87 /* Products */,
				805F79D6D83445354073F7D7 /* Pods */,
				1C812C2BDDBAD471AC080398 /* Frameworks */,
			);
			sourceTree = "<group>";
		};
		4BD14DC52A4C84E700A56B87 /* Products */ = {
			isa = PBXGroup;
			children = (
				4BD14DC42A4C84E700A56B87 /* SneakerStoreApp.app */,
			);
			name = Products;
			sourceTree = "<group>";
		};
		4BD14DC62A4C84E700A56B87 /* SneakerStoreApp */ = {
			isa = PBXGroup;
			children = (
				4B57E6E42A615DF90086D207 /* WelcomeScreen */,
				4BD14DD52A4C84E800A56B87 /* Info.plist */,
				4BD14DE22A4C8A4C00A56B87 /* ProfileFeature */,
				4BD14DE12A4C8A3C00A56B87 /* CartFeature */,
				4BD14DE02A4C8A2E00A56B87 /* CatalogFeature */,
				4BD14DDD2A4C893E00A56B87 /* Helper */,
				4BD14DDC2A4C88E600A56B87 /* Supports */,
				4BD14DDB2A4C88D000A56B87 /* Entry */,
			);
			path = SneakerStoreApp;
			sourceTree = "<group>";
		};
		4BD14DDB2A4C88D000A56B87 /* Entry */ = {
			isa = PBXGroup;
			children = (
				4BD14DC72A4C84E700A56B87 /* AppDelegate.swift */,
				4BD14DC92A4C84E700A56B87 /* SceneDelegate.swift */,
			);
			path = Entry;
			sourceTree = "<group>";
		};
		4BD14DDC2A4C88E600A56B87 /* Supports */ = {
			isa = PBXGroup;
			children = (
				4B6F7E7D2A4CA22B002B60D2 /* GoogleService-Info.plist */,
				4BD14DCD2A4C84E700A56B87 /* Main.storyboard */,
				4BD14DD02A4C84E800A56B87 /* Assets.xcassets */,
				4BD14DD22A4C84E800A56B87 /* LaunchScreen.storyboard */,
			);
			path = Supports;
			sourceTree = "<group>";
		};
		4BD14DDD2A4C893E00A56B87 /* Helper */ = {
			isa = PBXGroup;
			children = (
				4B6F7E852A4CAC16002B60D2 /* Builder.swift */,
				4B99BBBE2A53FBC1009132EF /* BottomSheet */,
				4B57E6E02A60802A0086D207 /* CustomButton.swift */,
			);
			path = Helper;
			sourceTree = "<group>";
		};
		4BD14DE02A4C8A2E00A56B87 /* CatalogFeature */ = {
			isa = PBXGroup;
			children = (
				4B99BBBC2A53FAD6009132EF /* BottomSheetCatalog.swift */,
				4BD14DE32A4C8A7900A56B87 /* CatalogViewController.swift */,
				4B6F7E812A4CA871002B60D2 /* CatalogModal.swift */,
				4B6F7E892A509743002B60D2 /* CatalogViewModel.swift */,
				4B6F7E8B2A5097FA002B60D2 /* CatalogCollectionViewCell.swift */,
			);
			path = CatalogFeature;
			sourceTree = "<group>";
		};
		4BD14DE12A4C8A3C00A56B87 /* CartFeature */ = {
			isa = PBXGroup;
			children = (
				4BD14DE52A4C8ADC00A56B87 /* CartViewController.swift */,
				4B57E6E22A609C1E0086D207 /* CartTableViewCell.swift */,
			);
			path = CartFeature;
			sourceTree = "<group>";
		};
		4BD14DE22A4C8A4C00A56B87 /* ProfileFeature */ = {
			isa = PBXGroup;
			children = (
				4BD14DE72A4C8AE900A56B87 /* ProfileViewController.swift */,
				4B6F7E6E2A4C90F5002B60D2 /* ProfileView.swift */,
			);
			path = ProfileFeature;
			sourceTree = "<group>";
		};
		805F79D6D83445354073F7D7 /* Pods */ = {
			isa = PBXGroup;
			children = (
				B0DEDB874D0E97E49EF8373C /* Pods-SneakerStoreApp.debug.xcconfig */,
				D430ED3CFF093694A69B1799 /* Pods-SneakerStoreApp.release.xcconfig */,
			);
			path = Pods;
			sourceTree = "<group>";
		};
/* End PBXGroup section */

/* Begin PBXNativeTarget section */
		4BD14DC32A4C84E700A56B87 /* SneakerStoreApp */ = {
			isa = PBXNativeTarget;
			buildConfigurationList = 4BD14DD82A4C84E800A56B87 /* Build configuration list for PBXNativeTarget "SneakerStoreApp" */;
			buildPhases = (
				06379E49BE739A1646F6C4F5 /* [CP] Check Pods Manifest.lock */,
				4BD14DC02A4C84E700A56B87 /* Sources */,
				4BD14DC12A4C84E700A56B87 /* Frameworks */,
				4BD14DC22A4C84E700A56B87 /* Resources */,
				961646082DE7CD599B93AF70 /* [CP] Embed Pods Frameworks */,
			);
			buildRules = (
			);
			dependencies = (
			);
			name = SneakerStoreApp;
			packageProductDependencies = (
				4B6F7E712A4CA217002B60D2 /* FirebaseAuth */,
				4B6F7E732A4CA217002B60D2 /* FirebaseDatabase */,
				4B6F7E752A4CA217002B60D2 /* FirebaseDatabaseSwift */,
				4B6F7E772A4CA217002B60D2 /* FirebaseFirestore */,
				4B6F7E792A4CA217002B60D2 /* FirebaseFirestoreSwift */,
				4B6F7E7B2A4CA217002B60D2 /* FirebaseStorage */,
			);
			productName = SneakerStoreApp;
			productReference = 4BD14DC42A4C84E700A56B87 /* SneakerStoreApp.app */;
			productType = "com.apple.product-type.application";
		};
/* End PBXNativeTarget section */

/* Begin PBXProject section */
		4BD14DBC2A4C84E700A56B87 /* Project object */ = {
			isa = PBXProject;
			attributes = {
				BuildIndependentTargetsInParallel = 1;
				LastSwiftUpdateCheck = 1430;
				LastUpgradeCheck = 1430;
				TargetAttributes = {
					4BD14DC32A4C84E700A56B87 = {
						CreatedOnToolsVersion = 14.3;
					};
				};
			};
			buildConfigurationList = 4BD14DBF2A4C84E700A56B87 /* Build configuration list for PBXProject "SneakerStoreApp" */;
			compatibilityVersion = "Xcode 14.0";
			developmentRegion = en;
			hasScannedForEncodings = 0;
			knownRegions = (
				en,
				Base,
			);
			mainGroup = 4BD14DBB2A4C84E700A56B87;
			packageReferences = (
				4B6F7E702A4CA217002B60D2 /* XCRemoteSwiftPackageReference "firebase-ios-sdk" */,
			);
			productRefGroup = 4BD14DC52A4C84E700A56B87 /* Products */;
			projectDirPath = "";
			projectRoot = "";
			targets = (
				4BD14DC32A4C84E700A56B87 /* SneakerStoreApp */,
			);
		};
/* End PBXProject section */

/* Begin PBXResourcesBuildPhase section */
		4BD14DC22A4C84E700A56B87 /* Resources */ = {
			isa = PBXResourcesBuildPhase;
			buildActionMask = 2147483647;
			files = (
				4BD14DD42A4C84E800A56B87 /* LaunchScreen.storyboard in Resources */,
				4BD14DD12A4C84E800A56B87 /* Assets.xcassets in Resources */,
				4BD14DCF2A4C84E700A56B87 /* Main.storyboard in Resources */,
				4B6F7E7E2A4CA22B002B60D2 /* GoogleService-Info.plist in Resources */,
			);
			runOnlyForDeploymentPostprocessing = 0;
		};
/* End PBXResourcesBuildPhase section */

/* Begin PBXShellScriptBuildPhase section */
		06379E49BE739A1646F6C4F5 /* [CP] Check Pods Manifest.lock */ = {
			isa = PBXShellScriptBuildPhase;
			buildActionMask = 2147483647;
			files = (
			);
			inputFileListPaths = (
			);
			inputPaths = (
				"${PODS_PODFILE_DIR_PATH}/Podfile.lock",
				"${PODS_ROOT}/Manifest.lock",
			);
			name = "[CP] Check Pods Manifest.lock";
			outputFileListPaths = (
			);
			outputPaths = (
				"$(DERIVED_FILE_DIR)/Pods-SneakerStoreApp-checkManifestLockResult.txt",
			);
			runOnlyForDeploymentPostprocessing = 0;
			shellPath = /bin/sh;
			shellScript = "diff \"${PODS_PODFILE_DIR_PATH}/Podfile.lock\" \"${PODS_ROOT}/Manifest.lock\" > /dev/null\nif [ $? != 0 ] ; then\n    # print error to STDERR\n    echo \"error: The sandbox is not in sync with the Podfile.lock. Run 'pod install' or update your CocoaPods installation.\" >&2\n    exit 1\nfi\n# This output is used by Xcode 'outputs' to avoid re-running this script phase.\necho \"SUCCESS\" > \"${SCRIPT_OUTPUT_FILE_0}\"\n";
			showEnvVarsInLog = 0;
		};
		961646082DE7CD599B93AF70 /* [CP] Embed Pods Frameworks */ = {
			isa = PBXShellScriptBuildPhase;
			buildActionMask = 2147483647;
			files = (
			);
			inputFileListPaths = (
				"${PODS_ROOT}/Target Support Files/Pods-SneakerStoreApp/Pods-SneakerStoreApp-frameworks-${CONFIGURATION}-input-files.xcfilelist",
			);
			name = "[CP] Embed Pods Frameworks";
			outputFileListPaths = (
				"${PODS_ROOT}/Target Support Files/Pods-SneakerStoreApp/Pods-SneakerStoreApp-frameworks-${CONFIGURATION}-output-files.xcfilelist",
			);
			runOnlyForDeploymentPostprocessing = 0;
			shellPath = /bin/sh;
			shellScript = "\"${PODS_ROOT}/Target Support Files/Pods-SneakerStoreApp/Pods-SneakerStoreApp-frameworks.sh\"\n";
			showEnvVarsInLog = 0;
		};
/* End PBXShellScriptBuildPhase section */

/* Begin PBXSourcesBuildPhase section */
		4BD14DC02A4C84E700A56B87 /* Sources */ = {
			isa = PBXSourcesBuildPhase;
			buildActionMask = 2147483647;
			files = (
				4B57E6E12A60802A0086D207 /* CustomButton.swift in Sources */,
				4B57E6DD2A601CA40086D207 /* BottomSheetPresentationController.swift in Sources */,
				4BD14DE42A4C8A7900A56B87 /* CatalogViewController.swift in Sources */,
				4B57E6E32A609C1E0086D207 /* CartTableViewCell.swift in Sources */,
				4B57E6D92A601B400086D207 /* BottomSheetTransition.swift in Sources */,
				4BD14DCC2A4C84E700A56B87 /* MainScreenTabBarController.swift in Sources */,
				4B6F7E862A4CAC16002B60D2 /* Builder.swift in Sources */,
				4BD14DC82A4C84E700A56B87 /* AppDelegate.swift in Sources */,
				4B57E6D72A601B060086D207 /* BottomSheetTransitionDelegate.swift in Sources */,
				4B6F7E8C2A5097FA002B60D2 /* CatalogCollectionViewCell.swift in Sources */,
				4BD14DE82A4C8AE900A56B87 /* ProfileViewController.swift in Sources */,
				4BD14DE62A4C8ADC00A56B87 /* CartViewController.swift in Sources */,
				4B6F7E8A2A509743002B60D2 /* CatalogViewModel.swift in Sources */,
				4B57E6EA2A61EB640086D207 /* SignInScreenView.swift in Sources */,
				4B57E6EC2A62BCE70086D207 /* ForgotPassScreenView.swift in Sources */,
				4B57E6DB2A601C740086D207 /* BottomSheetConfiguration.swift in Sources */,
				4B99BBBD2A53FAD6009132EF /* BottomSheetCatalog.swift in Sources */,
				4B6F7E6F2A4C90F5002B60D2 /* ProfileView.swift in Sources */,
				4BD14DCA2A4C84E700A56B87 /* SceneDelegate.swift in Sources */,
				4B6F7E822A4CA871002B60D2 /* CatalogModal.swift in Sources */,
				4B57E6E82A6162510086D207 /* SignUpScreenView.swift in Sources */,
				4B57E6E62A615E5F0086D207 /* WelcomeScreenView.swift in Sources */,
			);
			runOnlyForDeploymentPostprocessing = 0;
		};
/* End PBXSourcesBuildPhase section */

/* Begin PBXVariantGroup section */
		4BD14DCD2A4C84E700A56B87 /* Main.storyboard */ = {
			isa = PBXVariantGroup;
			children = (
				4BD14DCE2A4C84E700A56B87 /* Base */,
			);
			name = Main.storyboard;
			sourceTree = "<group>";
		};
		4BD14DD22A4C84E800A56B87 /* LaunchScreen.storyboard */ = {
			isa = PBXVariantGroup;
			children = (
				4BD14DD32A4C84E800A56B87 /* Base */,
			);
			name = LaunchScreen.storyboard;
			sourceTree = "<group>";
		};
/* End PBXVariantGroup section */

/* Begin XCBuildConfiguration section */
		4BD14DD62A4C84E800A56B87 /* Debug */ = {
			isa = XCBuildConfiguration;
			buildSettings = {
				ALWAYS_SEARCH_USER_PATHS = NO;
				CLANG_ANALYZER_NONNULL = YES;
				CLANG_ANALYZER_NUMBER_OBJECT_CONVERSION = YES_AGGRESSIVE;
				CLANG_CXX_LANGUAGE_STANDARD = "gnu++20";
				CLANG_ENABLE_MODULES = YES;
				CLANG_ENABLE_OBJC_ARC = YES;
				CLANG_ENABLE_OBJC_WEAK = YES;
				CLANG_WARN_BLOCK_CAPTURE_AUTORELEASING = YES;
				CLANG_WARN_BOOL_CONVERSION = YES;
				CLANG_WARN_COMMA = YES;
				CLANG_WARN_CONSTANT_CONVERSION = YES;
				CLANG_WARN_DEPRECATED_OBJC_IMPLEMENTATIONS = YES;
				CLANG_WARN_DIRECT_OBJC_ISA_USAGE = YES_ERROR;
				CLANG_WARN_DOCUMENTATION_COMMENTS = YES;
				CLANG_WARN_EMPTY_BODY = YES;
				CLANG_WARN_ENUM_CONVERSION = YES;
				CLANG_WARN_INFINITE_RECURSION = YES;
				CLANG_WARN_INT_CONVERSION = YES;
				CLANG_WARN_NON_LITERAL_NULL_CONVERSION = YES;
				CLANG_WARN_OBJC_IMPLICIT_RETAIN_SELF = YES;
				CLANG_WARN_OBJC_LITERAL_CONVERSION = YES;
				CLANG_WARN_OBJC_ROOT_CLASS = YES_ERROR;
				CLANG_WARN_QUOTED_INCLUDE_IN_FRAMEWORK_HEADER = YES;
				CLANG_WARN_RANGE_LOOP_ANALYSIS = YES;
				CLANG_WARN_STRICT_PROTOTYPES = YES;
				CLANG_WARN_SUSPICIOUS_MOVE = YES;
				CLANG_WARN_UNGUARDED_AVAILABILITY = YES_AGGRESSIVE;
				CLANG_WARN_UNREACHABLE_CODE = YES;
				CLANG_WARN__DUPLICATE_METHOD_MATCH = YES;
				COPY_PHASE_STRIP = NO;
				DEBUG_INFORMATION_FORMAT = dwarf;
				ENABLE_STRICT_OBJC_MSGSEND = YES;
				ENABLE_TESTABILITY = YES;
				GCC_C_LANGUAGE_STANDARD = gnu11;
				GCC_DYNAMIC_NO_PIC = NO;
				GCC_NO_COMMON_BLOCKS = YES;
				GCC_OPTIMIZATION_LEVEL = 0;
				GCC_PREPROCESSOR_DEFINITIONS = (
					"DEBUG=1",
					"$(inherited)",
				);
				GCC_WARN_64_TO_32_BIT_CONVERSION = YES;
				GCC_WARN_ABOUT_RETURN_TYPE = YES_ERROR;
				GCC_WARN_UNDECLARED_SELECTOR = YES;
				GCC_WARN_UNINITIALIZED_AUTOS = YES_AGGRESSIVE;
				GCC_WARN_UNUSED_FUNCTION = YES;
				GCC_WARN_UNUSED_VARIABLE = YES;
				IPHONEOS_DEPLOYMENT_TARGET = 16.4;
				MTL_ENABLE_DEBUG_INFO = INCLUDE_SOURCE;
				MTL_FAST_MATH = YES;
				ONLY_ACTIVE_ARCH = YES;
				SDKROOT = iphoneos;
				SWIFT_ACTIVE_COMPILATION_CONDITIONS = DEBUG;
				SWIFT_OPTIMIZATION_LEVEL = "-Onone";
			};
			name = Debug;
		};
		4BD14DD72A4C84E800A56B87 /* Release */ = {
			isa = XCBuildConfiguration;
			buildSettings = {
				ALWAYS_SEARCH_USER_PATHS = NO;
				CLANG_ANALYZER_NONNULL = YES;
				CLANG_ANALYZER_NUMBER_OBJECT_CONVERSION = YES_AGGRESSIVE;
				CLANG_CXX_LANGUAGE_STANDARD = "gnu++20";
				CLANG_ENABLE_MODULES = YES;
				CLANG_ENABLE_OBJC_ARC = YES;
				CLANG_ENABLE_OBJC_WEAK = YES;
				CLANG_WARN_BLOCK_CAPTURE_AUTORELEASING = YES;
				CLANG_WARN_BOOL_CONVERSION = YES;
				CLANG_WARN_COMMA = YES;
				CLANG_WARN_CONSTANT_CONVERSION = YES;
				CLANG_WARN_DEPRECATED_OBJC_IMPLEMENTATIONS = YES;
				CLANG_WARN_DIRECT_OBJC_ISA_USAGE = YES_ERROR;
				CLANG_WARN_DOCUMENTATION_COMMENTS = YES;
				CLANG_WARN_EMPTY_BODY = YES;
				CLANG_WARN_ENUM_CONVERSION = YES;
				CLANG_WARN_INFINITE_RECURSION = YES;
				CLANG_WARN_INT_CONVERSION = YES;
				CLANG_WARN_NON_LITERAL_NULL_CONVERSION = YES;
				CLANG_WARN_OBJC_IMPLICIT_RETAIN_SELF = YES;
				CLANG_WARN_OBJC_LITERAL_CONVERSION = YES;
				CLANG_WARN_OBJC_ROOT_CLASS = YES_ERROR;
				CLANG_WARN_QUOTED_INCLUDE_IN_FRAMEWORK_HEADER = YES;
				CLANG_WARN_RANGE_LOOP_ANALYSIS = YES;
				CLANG_WARN_STRICT_PROTOTYPES = YES;
				CLANG_WARN_SUSPICIOUS_MOVE = YES;
				CLANG_WARN_UNGUARDED_AVAILABILITY = YES_AGGRESSIVE;
				CLANG_WARN_UNREACHABLE_CODE = YES;
				CLANG_WARN__DUPLICATE_METHOD_MATCH = YES;
				COPY_PHASE_STRIP = NO;
				DEBUG_INFORMATION_FORMAT = "dwarf-with-dsym";
				ENABLE_NS_ASSERTIONS = NO;
				ENABLE_STRICT_OBJC_MSGSEND = YES;
				GCC_C_LANGUAGE_STANDARD = gnu11;
				GCC_NO_COMMON_BLOCKS = YES;
				GCC_WARN_64_TO_32_BIT_CONVERSION = YES;
				GCC_WARN_ABOUT_RETURN_TYPE = YES_ERROR;
				GCC_WARN_UNDECLARED_SELECTOR = YES;
				GCC_WARN_UNINITIALIZED_AUTOS = YES_AGGRESSIVE;
				GCC_WARN_UNUSED_FUNCTION = YES;
				GCC_WARN_UNUSED_VARIABLE = YES;
				IPHONEOS_DEPLOYMENT_TARGET = 16.4;
				MTL_ENABLE_DEBUG_INFO = NO;
				MTL_FAST_MATH = YES;
				SDKROOT = iphoneos;
				SWIFT_COMPILATION_MODE = wholemodule;
				SWIFT_OPTIMIZATION_LEVEL = "-O";
				VALIDATE_PRODUCT = YES;
			};
			name = Release;
		};
		4BD14DD92A4C84E800A56B87 /* Debug */ = {
			isa = XCBuildConfiguration;
			baseConfigurationReference = B0DEDB874D0E97E49EF8373C /* Pods-SneakerStoreApp.debug.xcconfig */;
			buildSettings = {
				ASSETCATALOG_COMPILER_APPICON_NAME = AppIcon;
				ASSETCATALOG_COMPILER_GLOBAL_ACCENT_COLOR_NAME = AccentColor;
				CODE_SIGN_STYLE = Automatic;
				CURRENT_PROJECT_VERSION = 1;
				DEVELOPMENT_TEAM = H2MWQXR936;
				GENERATE_INFOPLIST_FILE = YES;
				INFOPLIST_FILE = SneakerStoreApp/Info.plist;
				INFOPLIST_KEY_UIApplicationSupportsIndirectInputEvents = YES;
				INFOPLIST_KEY_UILaunchStoryboardName = LaunchScreen;
				INFOPLIST_KEY_UIMainStoryboardFile = Main;
				INFOPLIST_KEY_UISupportedInterfaceOrientations_iPad = "UIInterfaceOrientationPortrait UIInterfaceOrientationPortraitUpsideDown UIInterfaceOrientationLandscapeLeft UIInterfaceOrientationLandscapeRight";
				INFOPLIST_KEY_UISupportedInterfaceOrientations_iPhone = "UIInterfaceOrientationPortrait UIInterfaceOrientationLandscapeLeft UIInterfaceOrientationLandscapeRight";
				LD_RUNPATH_SEARCH_PATHS = (
					"$(inherited)",
					"@executable_path/Frameworks",
				);
				MARKETING_VERSION = 1.0;
				PRODUCT_BUNDLE_IDENTIFIER = com.bibitm.SneakerStoreApp;
				PRODUCT_NAME = "$(TARGET_NAME)";
				SWIFT_EMIT_LOC_STRINGS = YES;
				SWIFT_VERSION = 5.0;
				TARGETED_DEVICE_FAMILY = "1,2";
			};
			name = Debug;
		};
		4BD14DDA2A4C84E800A56B87 /* Release */ = {
			isa = XCBuildConfiguration;
			baseConfigurationReference = D430ED3CFF093694A69B1799 /* Pods-SneakerStoreApp.release.xcconfig */;
			buildSettings = {
				ASSETCATALOG_COMPILER_APPICON_NAME = AppIcon;
				ASSETCATALOG_COMPILER_GLOBAL_ACCENT_COLOR_NAME = AccentColor;
				CODE_SIGN_STYLE = Automatic;
				CURRENT_PROJECT_VERSION = 1;
				DEVELOPMENT_TEAM = H2MWQXR936;
				GENERATE_INFOPLIST_FILE = YES;
				INFOPLIST_FILE = SneakerStoreApp/Info.plist;
				INFOPLIST_KEY_UIApplicationSupportsIndirectInputEvents = YES;
				INFOPLIST_KEY_UILaunchStoryboardName = LaunchScreen;
				INFOPLIST_KEY_UIMainStoryboardFile = Main;
				INFOPLIST_KEY_UISupportedInterfaceOrientations_iPad = "UIInterfaceOrientationPortrait UIInterfaceOrientationPortraitUpsideDown UIInterfaceOrientationLandscapeLeft UIInterfaceOrientationLandscapeRight";
				INFOPLIST_KEY_UISupportedInterfaceOrientations_iPhone = "UIInterfaceOrientationPortrait UIInterfaceOrientationLandscapeLeft UIInterfaceOrientationLandscapeRight";
				LD_RUNPATH_SEARCH_PATHS = (
					"$(inherited)",
					"@executable_path/Frameworks",
				);
				MARKETING_VERSION = 1.0;
				PRODUCT_BUNDLE_IDENTIFIER = com.bibitm.SneakerStoreApp;
				PRODUCT_NAME = "$(TARGET_NAME)";
				SWIFT_EMIT_LOC_STRINGS = YES;
				SWIFT_VERSION = 5.0;
				TARGETED_DEVICE_FAMILY = "1,2";
			};
			name = Release;
		};
/* End XCBuildConfiguration section */

/* Begin XCConfigurationList section */
		4BD14DBF2A4C84E700A56B87 /* Build configuration list for PBXProject "SneakerStoreApp" */ = {
			isa = XCConfigurationList;
			buildConfigurations = (
				4BD14DD62A4C84E800A56B87 /* Debug */,
				4BD14DD72A4C84E800A56B87 /* Release */,
			);
			defaultConfigurationIsVisible = 0;
			defaultConfigurationName = Release;
		};
		4BD14DD82A4C84E800A56B87 /* Build configuration list for PBXNativeTarget "SneakerStoreApp" */ = {
			isa = XCConfigurationList;
			buildConfigurations = (
				4BD14DD92A4C84E800A56B87 /* Debug */,
				4BD14DDA2A4C84E800A56B87 /* Release */,
			);
			defaultConfigurationIsVisible = 0;
			defaultConfigurationName = Release;
		};
/* End XCConfigurationList section */

/* Begin XCRemoteSwiftPackageReference section */
		4B6F7E702A4CA217002B60D2 /* XCRemoteSwiftPackageReference "firebase-ios-sdk" */ = {
			isa = XCRemoteSwiftPackageReference;
			repositoryURL = "https://github.com/firebase/firebase-ios-sdk.git";
			requirement = {
				kind = upToNextMajorVersion;
				minimumVersion = 10.0.0;
			};
		};
/* End XCRemoteSwiftPackageReference section */

/* Begin XCSwiftPackageProductDependency section */
		4B6F7E712A4CA217002B60D2 /* FirebaseAuth */ = {
			isa = XCSwiftPackageProductDependency;
			package = 4B6F7E702A4CA217002B60D2 /* XCRemoteSwiftPackageReference "firebase-ios-sdk" */;
			productName = FirebaseAuth;
		};
		4B6F7E732A4CA217002B60D2 /* FirebaseDatabase */ = {
			isa = XCSwiftPackageProductDependency;
			package = 4B6F7E702A4CA217002B60D2 /* XCRemoteSwiftPackageReference "firebase-ios-sdk" */;
			productName = FirebaseDatabase;
		};
		4B6F7E752A4CA217002B60D2 /* FirebaseDatabaseSwift */ = {
			isa = XCSwiftPackageProductDependency;
			package = 4B6F7E702A4CA217002B60D2 /* XCRemoteSwiftPackageReference "firebase-ios-sdk" */;
			productName = FirebaseDatabaseSwift;
		};
		4B6F7E772A4CA217002B60D2 /* FirebaseFirestore */ = {
			isa = XCSwiftPackageProductDependency;
			package = 4B6F7E702A4CA217002B60D2 /* XCRemoteSwiftPackageReference "firebase-ios-sdk" */;
			productName = FirebaseFirestore;
		};
		4B6F7E792A4CA217002B60D2 /* FirebaseFirestoreSwift */ = {
			isa = XCSwiftPackageProductDependency;
			package = 4B6F7E702A4CA217002B60D2 /* XCRemoteSwiftPackageReference "firebase-ios-sdk" */;
			productName = FirebaseFirestoreSwift;
		};
		4B6F7E7B2A4CA217002B60D2 /* FirebaseStorage */ = {
			isa = XCSwiftPackageProductDependency;
			package = 4B6F7E702A4CA217002B60D2 /* XCRemoteSwiftPackageReference "firebase-ios-sdk" */;
			productName = FirebaseStorage;
		};
/* End XCSwiftPackageProductDependency section */
	};
	rootObject = 4BD14DBC2A4C84E700A56B87 /* Project object */;
}
